
Microsoft Visual Studio Solution File, Format Version 12.00
# Visual Studio Version 16
VisualStudioVersion = 16.0.31129.286
MinimumVisualStudioVersion = 10.0.40219.1
Project("{FAE04EC0-301F-11D3-BF4B-00C04F79EFBC}") = "K103ShoppingForm", "K103ShoppingForm\K103ShoppingForm.csproj", "{1826298A-0F64-441A-9F9A-B9C2A4700DAD}"
EndProject
Global
	GlobalSection(SolutionConfigurationPlatforms) = preSolution
		Debug|Any CPU = Debug|Any CPU
		Release|Any CPU = Release|Any CPU
	EndGlobalSection
	GlobalSection(ProjectConfigurationPlatforms) = postSolution
		{1826298A-0F64-441A-9F9A-B9C2A4700DAD}.Debug|Any CPU.ActiveCfg = Debug|Any CPU
		{1826298A-0F64-441A-9F9A-B9C2A4700DAD}.Debug|Any CPU.Build.0 = Debug|Any CPU
		{1826298A-0F64-441A-9F9A-B9C2A4700DAD}.Release|Any CPU.ActiveCfg = Release|Any CPU
		{1826298A-0F64-441A-9F9A-B9C2A4700DAD}.Release|Any CPU.Build.0 = Release|Any CPU
	EndGlobalSection
	GlobalSection(SolutionProperties) = preSolution
		HideSolutionNode = FALSE
	EndGlobalSection
	GlobalSection(ExtensibilityGlobals) = postSolution
		SolutionGuid = {302C4A42-670B-41F5-B3C0-003328B6F568}
	EndGlobalSection
EndGlobal
